
Microsoft Visual Studio Solution File, Format Version 12.00
# Visual Studio Version 17
VisualStudioVersion = 17.7.34221.43
MinimumVisualStudioVersion = 10.0.40219.1
Project("{FAE04EC0-301F-11D3-BF4B-00C04F79EFBC}") = "FlyTime.API", "FlyTime\FlyTime.API.csproj", "{6E73D855-B63D-49E2-93FD-D149C826FACE}"
EndProject
Project("{FAE04EC0-301F-11D3-BF4B-00C04F79EFBC}") = "FlyTime.Core", "FlyTime.Core\FlyTime.Core.csproj", "{28817BF8-B75C-43E8-AF00-80118E2C7F09}"
EndProject
Project("{FAE04EC0-301F-11D3-BF4B-00C04F79EFBC}") = "FlyTime.Service", "FlyTime.Service\FlyTime.Service.csproj", "{1643D1B2-D6C6-4329-ADA0-F2F3D6889EA3}"
EndProject
Project("{FAE04EC0-301F-11D3-BF4B-00C04F79EFBC}") = "FlyTime.Data", "FlyTime.Data\FlyTime.Data.csproj", "{3F634065-F639-492C-ACD9-DC05BE189B7E}"
EndProject
Global
	GlobalSection(SolutionConfigurationPlatforms) = preSolution
		Debug|Any CPU = Debug|Any CPU
		Release|Any CPU = Release|Any CPU
	EndGlobalSection
	GlobalSection(ProjectConfigurationPlatforms) = postSolution
		{6E73D855-B63D-49E2-93FD-D149C826FACE}.Debug|Any CPU.ActiveCfg = Debug|Any CPU
		{6E73D855-B63D-49E2-93FD-D149C826FACE}.Debug|Any CPU.Build.0 = Debug|Any CPU
		{6E73D855-B63D-49E2-93FD-D149C826FACE}.Release|Any CPU.ActiveCfg = Release|Any CPU
		{6E73D855-B63D-49E2-93FD-D149C826FACE}.Release|Any CPU.Build.0 = Release|Any CPU
		{28817BF8-B75C-43E8-AF00-80118E2C7F09}.Debug|Any CPU.ActiveCfg = Debug|Any CPU
		{28817BF8-B75C-43E8-AF00-80118E2C7F09}.Debug|Any CPU.Build.0 = Debug|Any CPU
		{28817BF8-B75C-43E8-AF00-80118E2C7F09}.Release|Any CPU.ActiveCfg = Release|Any CPU
		{28817BF8-B75C-43E8-AF00-80118E2C7F09}.Release|Any CPU.Build.0 = Release|Any CPU
		{1643D1B2-D6C6-4329-ADA0-F2F3D6889EA3}.Debug|Any CPU.ActiveCfg = Debug|Any CPU
		{1643D1B2-D6C6-4329-ADA0-F2F3D6889EA3}.Debug|Any CPU.Build.0 = Debug|Any CPU
		{1643D1B2-D6C6-4329-ADA0-F2F3D6889EA3}.Release|Any CPU.ActiveCfg = Release|Any CPU
		{1643D1B2-D6C6-4329-ADA0-F2F3D6889EA3}.Release|Any CPU.Build.0 = Release|Any CPU
		{3F634065-F639-492C-ACD9-DC05BE189B7E}.Debug|Any CPU.ActiveCfg = Debug|Any CPU
		{3F634065-F639-492C-ACD9-DC05BE189B7E}.Debug|Any CPU.Build.0 = Debug|Any CPU
		{3F634065-F639-492C-ACD9-DC05BE189B7E}.Release|Any CPU.ActiveCfg = Release|Any CPU
		{3F634065-F639-492C-ACD9-DC05BE189B7E}.Release|Any CPU.Build.0 = Release|Any CPU
	EndGlobalSection
	GlobalSection(SolutionProperties) = preSolution
		HideSolutionNode = FALSE
	EndGlobalSection
	GlobalSection(ExtensibilityGlobals) = postSolution
		SolutionGuid = {C3FF5531-641D-4AB3-9BBB-3C1FA77829AF}
	EndGlobalSection
EndGlobal
